// !$*UTF8*$!
{
	archiveVersion = 1;
	classes = {
	};
	objectVersion = 48;
	objects = {

/* Begin PBXBuildFile section */
		E9EDFCF51FBE9A2E0070C75D /* AppDelegate.swift in Sources */ = {isa = PBXBuildFile; fileRef = E9EDFCF41FBE9A2E0070C75D /* AppDelegate.swift */; };
		E9EDFCF71FBE9A2E0070C75D /* ViewController.swift in Sources */ = {isa = PBXBuildFile; fileRef = E9EDFCF61FBE9A2E0070C75D /* ViewController.swift */; };
		E9EDFCFA1FBE9A2E0070C75D /* Main.storyboard in Resources */ = {isa = PBXBuildFile; fileRef = E9EDFCF81FBE9A2E0070C75D /* Main.storyboard */; };
		E9EDFCFC1FBE9A2E0070C75D /* Assets.xcassets in Resources */ = {isa = PBXBuildFile; fileRef = E9EDFCFB1FBE9A2E0070C75D /* Assets.xcassets */; };
		E9EDFCFF1FBE9A2E0070C75D /* LaunchScreen.storyboard in Resources */ = {isa = PBXBuildFile; fileRef = E9EDFCFD1FBE9A2E0070C75D /* LaunchScreen.storyboard */; };
/* End PBXBuildFile section */

/* Begin PBXFileReference section */
		E9EDFCF11FBE9A2E0070C75D /* GridViewTest.app */ = {isa = PBXFileReference; explicitFileType = wrapper.application; includeInIndex = 0; path = GridViewTest.app; sourceTree = BUILT_PRODUCTS_DIR; };
		E9EDFCF41FBE9A2E0070C75D /* AppDelegate.swift */ = {isa = PBXFileReference; lastKnownFileType = sourcecode.swift; path = AppDelegate.swift; sourceTree = "<group>"; };
		E9EDFCF61FBE9A2E0070C75D /* ViewController.swift */ = {isa = PBXFileReference; lastKnownFileType = sourcecode.swift; path = ViewController.swift; sourceTree = "<group>"; };
		E9EDFCF91FBE9A2E0070C75D /* Base */ = {isa = PBXFileReference; lastKnownFileType = file.storyboard; name = Base; path = Base.lproj/Main.storyboard; sourceTree = "<group>"; };
		E9EDFCFB1FBE9A2E0070C75D /* Assets.xcassets */ = {isa = PBXFileReference; lastKnownFileType = folder.assetcatalog; path = Assets.xcassets; sourceTree = "<group>"; };
		E9EDFCFE1FBE9A2E0070C75D /* Base */ = {isa = PBXFileReference; lastKnownFileType = file.storyboard; name = Base; path = Base.lproj/LaunchScreen.storyboard; sourceTree = "<group>"; };
		E9EDFD001FBE9A2E0070C75D /* Info.plist */ = {isa = PBXFileReference; lastKnownFileType = text.plist.xml; path = Info.plist; sourceTree = "<group>"; };
/* End PBXFileReference section */

/* Begin PBXFrameworksBuildPhase section */
		E9EDFCEE1FBE9A2E0070C75D /* Frameworks */ = {
			isa = PBXFrameworksBuildPhase;
			buildActionMask = 2147483647;
			files = (
			);
			runOnlyForDeploymentPostprocessing = 0;
		};
/* End PBXFrameworksBuildPhase section */

/* Begin PBXGroup section */
		E9EDFCE81FBE9A2E0070C75D = {
			isa = PBXGroup;
			children = (
				E9EDFCF31FBE9A2E0070C75D /* GridViewTest */,
				E9EDFCF21FBE9A2E0070C75D /* Products */,
			);
			sourceTree = "<group>";
		};
		E9EDFCF21FBE9A2E0070C75D /* Products */ = {
			isa = PBXGroup;
			children = (
				E9EDFCF11FBE9A2E0070C75D /* GridViewTest.app */,
			);
			name = Products;
			sourceTree = "<group>";
		};
		E9EDFCF31FBE9A2E0070C75D /* GridViewTest */ = {
			isa = PBXGroup;
			children = (
				E9EDFCF41FBE9A2E0070C75D /* AppDelegate.swift */,
				E9EDFCF61FBE9A2E0070C75D /* ViewController.swift */,
				E9EDFCF81FBE9A2E0070C75D /* Main.storyboard */,
				E9EDFCFB1FBE9A2E0070C75D /* Assets.xcassets */,
				E9EDFCFD1FBE9A2E0070C75D /* LaunchScreen.storyboard */,
				E9EDFD001FBE9A2E0070C75D /* Info.plist */,
			);
			path = GridViewTest;
			sourceTree = "<group>";
		};
/* End PBXGroup section */

/* Begin PBXNativeTarget section */
		E9EDFCF01FBE9A2E0070C75D /* GridViewTest */ = {
			isa = PBXNativeTarget;
			buildConfigurationList = E9EDFD031FBE9A2E0070C75D /* Build configuration list for PBXNativeTarget "GridViewTest" */;
			buildPhases = (
				E9EDFCED1FBE9A2E0070C75D /* Sources */,
				E9EDFCEE1FBE9A2E0070C75D /* Frameworks */,
				E9EDFCEF1FBE9A2E0070C75D /* Resources */,
			);
			buildRules = (
			);
			dependencies = (
			);
			name = GridViewTest;
			productName = GridViewTest;
			productReference = E9EDFCF11FBE9A2E0070C75D /* GridViewTest.app */;
			productType = "com.apple.product-type.application";
		};
/* End PBXNativeTarget section */

/* Begin PBXProject section */
		E9EDFCE91FBE9A2E0070C75D /* Project object */ = {
			isa = PBXProject;
			attributes = {
				LastSwiftUpdateCheck = 0900;
				LastUpgradeCheck = 0900;
				ORGANIZATIONNAME = "Eunyeong Kim";
				TargetAttributes = {
					E9EDFCF01FBE9A2E0070C75D = {
						CreatedOnToolsVersion = 9.0.1;
						ProvisioningStyle = Automatic;
					};
				};
			};
			buildConfigurationList = E9EDFCEC1FBE9A2E0070C75D /* Build configuration list for PBXProject "GridViewTest" */;
			compatibilityVersion = "Xcode 8.0";
			developmentRegion = en;
			hasScannedForEncodings = 0;
			knownRegions = (
				en,
				Base,
			);
			mainGroup = E9EDFCE81FBE9A2E0070C75D;
			productRefGroup = E9EDFCF21FBE9A2E0070C75D /* Products */;
			projectDirPath = "";
			projectRoot = "";
			targets = (
				E9EDFCF01FBE9A2E0070C75D /* GridViewTest */,
			);
		};
/* End PBXProject section */

/* Begin PBXResourcesBuildPhase section */
		E9EDFCEF1FBE9A2E0070C75D /* Resources */ = {
			isa = PBXResourcesBuildPhase;
			buildActionMask = 2147483647;
			files = (
				E9EDFCFF1FBE9A2E0070C75D /* LaunchScreen.storyboard in Resources */,
				E9EDFCFC1FBE9A2E0070C75D /* Assets.xcassets in Resources */,
				E9EDFCFA1FBE9A2E0070C75D /* Main.storyboard in Resources */,
			);
			runOnlyForDeploymentPostprocessing = 0;
		};
/* End PBXResourcesBuildPhase section */

/* Begin PBXSourcesBuildPhase section */
		E9EDFCED1FBE9A2E0070C75D /* Sources */ = {
			isa = PBXSourcesBuildPhase;
			buildActionMask = 2147483647;
			files = (
				E9EDFCF71FBE9A2E0070C75D /* ViewController.swift in Sources */,
				E9EDFCF51FBE9A2E0070C75D /* AppDelegate.swift in Sources */,
			);
			runOnlyForDeploymentPostprocessing = 0;
		};
/* End PBXSourcesBuildPhase section */

/* Begin PBXVariantGroup section */
		E9EDFCF81FBE9A2E0070C75D /* Main.storyboard */ = {
			isa = PBXVariantGroup;
			children = (
				E9EDFCF91FBE9A2E0070C75D /* Base */,
			);
			name = Main.storyboard;
			sourceTree = "<group>";
		};
		E9EDFCFD1FBE9A2E0070C75D /* LaunchScreen.storyboard */ = {
			isa = PBXVariantGroup;
			children = (
				E9EDFCFE1FBE9A2E0070C75D /* Base */,
			);
			name = LaunchScreen.storyboard;
			sourceTree = "<group>";
		};
/* End PBXVariantGroup section */

/* Begin XCBuildConfiguration section */
		E9EDFD011FBE9A2E0070C75D /* Debug */ = {
			isa = XCBuildConfiguration;
			buildSettings = {
				ALWAYS_SEARCH_USER_PATHS = NO;
				CLANG_ANALYZER_NONNULL = YES;
				CLANG_ANALYZER_NUMBER_OBJECT_CONVERSION = YES_AGGRESSIVE;
				CLANG_CXX_LANGUAGE_STANDARD = "gnu++14";
				CLANG_CXX_LIBRARY = "libc++";
				CLANG_ENABLE_MODULES = YES;
				CLANG_ENABLE_OBJC_ARC = YES;
				CLANG_WARN_BLOCK_CAPTURE_AUTORELEASING = YES;
				CLANG_WARN_BOOL_CONVERSION = YES;
				CLANG_WARN_COMMA = YES;
				CLANG_WARN_CONSTANT_CONVERSION = YES;
				CLANG_WARN_DIRECT_OBJC_ISA_USAGE = YES_ERROR;
				CLANG_WARN_DOCUMENTATION_COMMENTS = YES;
				CLANG_WARN_EMPTY_BODY = YES;
				CLANG_WARN_ENUM_CONVERSION = YES;
				CLANG_WARN_INFINITE_RECURSION = YES;
				CLANG_WARN_INT_CONVERSION = YES;
				CLANG_WARN_NON_LITERAL_NULL_CONVERSION = YES;
				CLANG_WARN_OBJC_LITERAL_CONVERSION = YES;
				CLANG_WARN_OBJC_ROOT_CLASS = YES_ERROR;
				CLANG_WARN_RANGE_LOOP_ANALYSIS = YES;
				CLANG_WARN_STRICT_PROTOTYPES = YES;
				CLANG_WARN_SUSPICIOUS_MOVE = YES;
				CLANG_WARN_UNGUARDED_AVAILABILITY = YES_AGGRESSIVE;
				CLANG_WARN_UNREACHABLE_CODE = YES;
				CLANG_WARN__DUPLICATE_METHOD_MATCH = YES;
				CODE_SIGN_IDENTITY = "iPhone Developer";
				COPY_PHASE_STRIP = NO;
				DEBUG_INFORMATION_FORMAT = dwarf;
				ENABLE_STRICT_OBJC_MSGSEND = YES;
				ENABLE_TESTABILITY = YES;
				GCC_C_LANGUAGE_STANDARD = gnu11;
				GCC_DYNAMIC_NO_PIC = NO;
				GCC_NO_COMMON_BLOCKS = YES;
				GCC_OPTIMIZATION_LEVEL = 0;
				GCC_PREPROCESSOR_DEFINITIONS = (
					"DEBUG=1",
					"$(inherited)",
				);
				GCC_WARN_64_TO_32_BIT_CONVERSION = YES;
				GCC_WARN_ABOUT_RETURN_TYPE = YES_ERROR;
				GCC_WARN_UNDECLARED_SELECTOR = YES;
				GCC_WARN_UNINITIALIZED_AUTOS = YES_AGGRESSIVE;
				GCC_WARN_UNUSED_FUNCTION = YES;
				GCC_WARN_UNUSED_VARIABLE = YES;
				IPHONEOS_DEPLOYMENT_TARGET = 11.0;
				MTL_ENABLE_DEBUG_INFO = YES;
				ONLY_ACTIVE_ARCH = YES;
				SDKROOT = iphoneos;
				SWIFT_ACTIVE_COMPILATION_CONDITIONS = DEBUG;
				SWIFT_OPTIMIZATION_LEVEL = "-Onone";
			};
			name = Debug;
		};
		E9EDFD021FBE9A2E0070C75D /* Release */ = {
			isa = XCBuildConfiguration;
			buildSettings = {
				ALWAYS_SEARCH_USER_PATHS = NO;
				CLANG_ANALYZER_NONNULL = YES;
				CLANG_ANALYZER_NUMBER_OBJECT_CONVERSION = YES_AGGRESSIVE;
				CLANG_CXX_LANGUAGE_STANDARD = "gnu++14";
				CLANG_CXX_LIBRARY = "libc++";
				CLANG_ENABLE_MODULES = YES;
				CLANG_ENABLE_OBJC_ARC = YES;
				CLANG_WARN_BLOCK_CAPTURE_AUTORELEASING = YES;
				CLANG_WARN_BOOL_CONVERSION = YES;
				CLANG_WARN_COMMA = YES;
				CLANG_WARN_CONSTANT_CONVERSION = YES;
				CLANG_WARN_DIRECT_OBJC_ISA_USAGE = YES_ERROR;
				CLANG_WARN_DOCUMENTATION_COMMENTS = YES;
				CLANG_WARN_EMPTY_BODY = YES;
				CLANG_WARN_ENUM_CONVERSION = YES;
				CLANG_WARN_INFINITE_RECURSION = YES;
				CLANG_WARN_INT_CONVERSION = YES;
				CLANG_WARN_NON_LITERAL_NULL_CONVERSION = YES;
				CLANG_WARN_OBJC_LITERAL_CONVERSION = YES;
				CLANG_WARN_OBJC_ROOT_CLASS = YES_ERROR;
				CLANG_WARN_RANGE_LOOP_ANALYSIS = YES;
				CLANG_WARN_STRICT_PROTOTYPES = YES;
				CLANG_WARN_SUSPICIOUS_MOVE = YES;
				CLANG_WARN_UNGUARDED_AVAILABILITY = YES_AGGRESSIVE;
				CLANG_WARN_UNREACHABLE_CODE = YES;
				CLANG_WARN__DUPLICATE_METHOD_MATCH = YES;
				CODE_SIGN_IDENTITY = "iPhone Developer";
				COPY_PHASE_STRIP = NO;
				DEBUG_INFORMATION_FORMAT = "dwarf-with-dsym";
				ENABLE_NS_ASSERTIONS = NO;
				ENABLE_STRICT_OBJC_MSGSEND = YES;
				GCC_C_LANGUAGE_STANDARD = gnu11;
				GCC_NO_COMMON_BLOCKS = YES;
				GCC_WARN_64_TO_32_BIT_CONVERSION = YES;
				GCC_WARN_ABOUT_RETURN_TYPE = YES_ERROR;
				GCC_WARN_UNDECLARED_SELECTOR = YES;
				GCC_WARN_UNINITIALIZED_AUTOS = YES_AGGRESSIVE;
				GCC_WARN_UNUSED_FUNCTION = YES;
				GCC_WARN_UNUSED_VARIABLE = YES;
				IPHONEOS_DEPLOYMENT_TARGET = 11.0;
				MTL_ENABLE_DEBUG_INFO = NO;
				SDKROOT = iphoneos;
				SWIFT_OPTIMIZATION_LEVEL = "-Owholemodule";
				VALIDATE_PRODUCT = YES;
			};
			name = Release;
		};
		E9EDFD041FBE9A2E0070C75D /* Debug */ = {
			isa = XCBuildConfiguration;
			buildSettings = {
				ASSETCATALOG_COMPILER_APPICON_NAME = AppIcon;
				CODE_SIGN_STYLE = Automatic;
				DEVELOPMENT_TEAM = 8QZ5U5MR4E;
				INFOPLIST_FILE = GridViewTest/Info.plist;
				LD_RUNPATH_SEARCH_PATHS = "$(inherited) @executable_path/Frameworks";
				PRODUCT_BUNDLE_IDENTIFIER = unnnyong.GridViewTest;
				PRODUCT_NAME = "$(TARGET_NAME)";
				SWIFT_VERSION = 4.0;
				TARGETED_DEVICE_FAMILY = "1,2";
			};
			name = Debug;
		};
		E9EDFD051FBE9A2E0070C75D /* Release */ = {
			isa = XCBuildConfiguration;
			buildSettings = {
				ASSETCATALOG_COMPILER_APPICON_NAME = AppIcon;
				CODE_SIGN_STYLE = Automatic;
				DEVELOPMENT_TEAM = 8QZ5U5MR4E;
				INFOPLIST_FILE = GridViewTest/Info.plist;
				LD_RUNPATH_SEARCH_PATHS = "$(inherited) @executable_path/Frameworks";
				PRODUCT_BUNDLE_IDENTIFIER = unnnyong.GridViewTest;
				PRODUCT_NAME = "$(TARGET_NAME)";
				SWIFT_VERSION = 4.0;
				TARGETED_DEVICE_FAMILY = "1,2";
			};
			name = Release;
		};
/* End XCBuildConfiguration section */

/* Begin XCConfigurationList section */
		E9EDFCEC1FBE9A2E0070C75D /* Build configuration list for PBXProject "GridViewTest" */ = {
			isa = XCConfigurationList;
			buildConfigurations = (
				E9EDFD011FBE9A2E0070C75D /* Debug */,
				E9EDFD021FBE9A2E0070C75D /* Release */,
			);
			defaultConfigurationIsVisible = 0;
			defaultConfigurationName = Release;
		};
		E9EDFD031FBE9A2E0070C75D /* Build configuration list for PBXNativeTarget "GridViewTest" */ = {
			isa = XCConfigurationList;
			buildConfigurations = (
				E9EDFD041FBE9A2E0070C75D /* Debug */,
				E9EDFD051FBE9A2E0070C75D /* Release */,
			);
			defaultConfigurationIsVisible = 0;
			defaultConfigurationName = Release;
		};
/* End XCConfigurationList section */
	};
	rootObject = E9EDFCE91FBE9A2E0070C75D /* Project object */;
}
